
Microsoft Visual Studio Solution File, Format Version 12.00
# Visual Studio Version 17
VisualStudioVersion = 17.12.35707.178 d17.12
MinimumVisualStudioVersion = 10.0.40219.1
Project("{FAE04EC0-301F-11D3-BF4B-00C04F79EFBC}") = "HEJM20250320S1.AppWebMVC", "HEJM20250320S1.AppWebMVC\HEJM20250320S1.AppWebMVC.csproj", "{EA303272-D00E-4718-BB02-196E16779E49}"
EndProject
Global
	GlobalSection(SolutionConfigurationPlatforms) = preSolution
		Debug|Any CPU = Debug|Any CPU
		Release|Any CPU = Release|Any CPU
	EndGlobalSection
	GlobalSection(ProjectConfigurationPlatforms) = postSolution
		{EA303272-D00E-4718-BB02-196E16779E49}.Debug|Any CPU.ActiveCfg = Debug|Any CPU
		{EA303272-D00E-4718-BB02-196E16779E49}.Debug|Any CPU.Build.0 = Debug|Any CPU
		{EA303272-D00E-4718-BB02-196E16779E49}.Release|Any CPU.ActiveCfg = Release|Any CPU
		{EA303272-D00E-4718-BB02-196E16779E49}.Release|Any CPU.Build.0 = Release|Any CPU
	EndGlobalSection
	GlobalSection(SolutionProperties) = preSolution
		HideSolutionNode = FALSE
	EndGlobalSection
EndGlobal
